# THIS IS AN AUTOGENERATED FILE. DO NOT EDIT THIS FILE DIRECTLY.
# yarn lockfile v1


"@babel/runtime@^7.11.2", "@babel/runtime@^7.12.5", "@babel/runtime@^7.5.5", "@babel/runtime@^7.9.2":
  "integrity" "sha512-JELkvo/DlpNdJ7dlyw/eY7E0suy5i5GQH+Vlxaq1nsNJ+H7f4Vtv3jMeCEgRhZZQFXTjldYfQgv2qmM6M1v5wA=="
  "resolved" "https://registry.npmjs.org/@babel/runtime/-/runtime-7.14.0.tgz"
  "version" "7.14.0"
  dependencies:
    "regenerator-runtime" "^0.13.4"

"@videojs/http-streaming@2.6.4":
  "integrity" "sha512-sFVE0MVXhawAkET8EgiUSMvDDv6u3uGidtO0BvNXG0/qKWlze/zEzhvLsyPU4HmLFRnffKeHK5RE2XpO5vHY8Q=="
  "resolved" "https://registry.npmjs.org/@videojs/http-streaming/-/http-streaming-2.6.4.tgz"
  "version" "2.6.4"
  dependencies:
    "@babel/runtime" "^7.12.5"
    "@videojs/vhs-utils" "^3.0.0"
    "aes-decrypter" "3.1.2"
    "global" "^4.4.0"
    "m3u8-parser" "4.5.2"
    "mpd-parser" "0.15.4"
    "mux.js" "5.10.0"
    "video.js" "^6 || ^7"

"@videojs/vhs-utils@^3.0.0":
  "integrity" "sha512-kYHWcmzRyWfUXrrOZzRFzvt7XM+Sg+0vmsSbYONn2e/XeWD8+35K74+wZkW5/H9nYZDhYpZgeTKbLRUvxk+smA=="
  "resolved" "https://registry.npmjs.org/@videojs/vhs-utils/-/vhs-utils-3.0.1.tgz"
  "version" "3.0.1"
  dependencies:
    "@babel/runtime" "^7.12.5"
    "global" "^4.4.0"
    "url-toolkit" "^2.2.1"

"@videojs/xhr@2.5.1":
  "integrity" "sha512-wV9nGESHseSK+S9ePEru2+OJZ1jq/ZbbzniGQ4weAmTIepuBMSYPx5zrxxQA0E786T5ykpO8ts+LayV+3/oI2w=="
  "resolved" "https://registry.npmjs.org/@videojs/xhr/-/xhr-2.5.1.tgz"
  "version" "2.5.1"
  dependencies:
    "@babel/runtime" "^7.5.5"
    "global" "~4.4.0"
    "is-function" "^1.0.1"

"aes-decrypter@3.1.2":
  "integrity" "sha512-42nRwfQuPRj9R1zqZBdoxnaAmnIFyDi0MNyTVhjdFOd8fifXKKRfwIHIZ6AMn1or4x5WONzjwRTbTWcsIQ0O4A=="
  "resolved" "https://registry.npmjs.org/aes-decrypter/-/aes-decrypter-3.1.2.tgz"
  "version" "3.1.2"
  dependencies:
    "@babel/runtime" "^7.12.5"
    "@videojs/vhs-utils" "^3.0.0"
    "global" "^4.4.0"
    "pkcs7" "^1.0.4"

"almond@~0.3.1":
  "integrity" "sha1-oOfJWsdiTWQXtElLHmi/9pMWiiA="
  "resolved" "https://registry.npmjs.org/almond/-/almond-0.3.3.tgz"
  "version" "0.3.3"

"blueimp-tmpl@^3.11.0":
  "integrity" "sha512-+nzph90GQ7YzYdOJNLm1hHJrzWnWbxUGJyJVrLBD+q7HF6PIIjJVNrJCgLkFmNcNvJRKICvWuItL8NpH9Z8J5A=="
  "resolved" "https://registry.npmjs.org/blueimp-tmpl/-/blueimp-tmpl-3.11.0.tgz"
  "version" "3.11.0"

"bootstrap@^3.3", "bootstrap@^3.4.1":
  "integrity" "sha512-yN5oZVmRCwe5aKwzRj6736nSmKDX7pLYwsXiCj/EYmo16hODaBiT4En5btW/jhBF/seV+XMx3aYwukYC3A49DA=="
  "resolved" "https://registry.npmjs.org/bootstrap/-/bootstrap-3.4.1.tgz"
  "version" "3.4.1"

"chainsaw@>=0.0.7 <0.1":
  "integrity" "sha1-EaBRAtHEx4W20EFdM21aOhYSkT4="
  "resolved" "https://registry.npmjs.org/chainsaw/-/chainsaw-0.0.9.tgz"
  "version" "0.0.9"
  dependencies:
    "traverse" ">=0.3.0 <0.4"

"codemirror@^5.58.2":
  "integrity" "sha512-K/hOh24cCwRutd1Mk3uLtjWzNISOkm4fvXiMO7LucCrqbh6aJDdtqUziim3MZUI6wOY0rvY1SlL1Ork01uMy6w=="
  "resolved" "https://registry.npmjs.org/codemirror/-/codemirror-5.58.2.tgz"
  "version" "5.58.2"

"datatables-i18n@git+https://github.com/dzhuang/datatables-i18n.git":
  "integrity" "sha512-ogK1uHm+4hm1ePecDCM/izngG13BaaQ8tIkdLro+yzjmlgLq9A6m7wUI3tqwtFIL25+pK5CaFI6M6/mWZrLvCg=="
  "resolved" "git+ssh://git@github.com/dzhuang/datatables-i18n.git"
  "version" "1.0.5"

"datatables.net-bs@^1.10.15", "datatables.net-bs@^1.10.16":
  "integrity" "sha1-sIVPWzdPcTrj20FWx86op2DD3nY="
  "resolved" "https://registry.npmjs.org/datatables.net-bs/-/datatables.net-bs-1.10.16.tgz"
  "version" "1.10.16"
  dependencies:
    "datatables.net" "1.10.16"
    "jquery" ">=1.7"

"datatables.net-fixedcolumns-bs@^3.2.4":
  "integrity" "sha1-SPBd27gQUH+La93ItOmu4oCf80I="
  "resolved" "https://registry.npmjs.org/datatables.net-fixedcolumns-bs/-/datatables.net-fixedcolumns-bs-3.2.4.tgz"
  "version" "3.2.4"
  dependencies:
    "datatables.net-bs" "^1.10.15"
    "datatables.net-fixedcolumns" "3.2.4"
    "jquery" ">=1.7"

"datatables.net-fixedcolumns@^3.2.4", "datatables.net-fixedcolumns@3.2.4":
  "integrity" "sha1-rpoqCLP7l2djPbR4JbqOWYzc/A0="
  "resolved" "https://registry.npmjs.org/datatables.net-fixedcolumns/-/datatables.net-fixedcolumns-3.2.4.tgz"
  "version" "3.2.4"
  dependencies:
    "datatables.net" "^1.10.15"
    "jquery" ">=1.7"

"datatables.net@^1.10.15", "datatables.net@^1.10.22":
  "integrity" "sha512-ujn8GvkQIBYzYH54XY7OrI0Zb35TKRd9ABYfbnXgBfwTGIFT6UsmXrfHU5Yk+MSDoF0sDu2TB+31V6c+zUZ0Pw=="
  "resolved" "https://registry.npmjs.org/datatables.net/-/datatables.net-1.10.22.tgz"
  "version" "1.10.22"
  dependencies:
    "jquery" ">=1.7"

"datatables.net@1.10.16":
  "integrity" "sha1-SwUtEIKCQmG2ju2dInQbcR09JGk="
  "resolved" "https://registry.npmjs.org/datatables.net/-/datatables.net-1.10.16.tgz"
  "version" "1.10.16"
  dependencies:
    "jquery" ">=1.7"

"dom-walk@^0.1.0":
  "integrity" "sha1-ZyIm3HTI95mtNTB9+TaroRrNYBg="
  "resolved" "https://registry.npmjs.org/dom-walk/-/dom-walk-0.1.1.tgz"
  "version" "0.1.1"

"eonasdan-bootstrap-datetimepicker@^4.17.47":
  "integrity" "sha1-ekmXAEQGUnbnll79Fvgic1IZ5zU="
  "resolved" "https://registry.npmjs.org/eonasdan-bootstrap-datetimepicker/-/eonasdan-bootstrap-datetimepicker-4.17.47.tgz"
  "version" "4.17.47"
  dependencies:
    "bootstrap" "^3.3"
    "jquery" "^1.8.3 || ^2.0 || ^3.0"
    "moment" "^2.10"
    "moment-timezone" "^0.4.0"

"estree-walker@^0.6.1":
  "integrity" "sha512-SqmZANLWS0mnatqbSfRP5g8OXZC12Fgg1IwNtLsyHDzJizORW4khDfjPqJZsemPWBB2uqykUah5YpQ6epsqC/w=="
  "resolved" "https://registry.npmjs.org/estree-walker/-/estree-walker-0.6.1.tgz"
  "version" "0.6.1"

"font-awesome@^4.7.0":
  "integrity" "sha1-j6jPBBGhoxr9B7BtKQK7n8gVoTM="
  "resolved" "https://registry.npmjs.org/font-awesome/-/font-awesome-4.7.0.tgz"
  "version" "4.7.0"

"fullcalendar@^2.9.1":
  "integrity" "sha1-3SqERptid0nkfF3Z/XH1YUbgZRs="
  "resolved" "https://registry.npmjs.org/fullcalendar/-/fullcalendar-2.9.1.tgz"
  "version" "2.9.1"
  dependencies:
    "jquery" ">=1.7.1"
    "moment" ">=2.5.0"

"global@^4.3.1", "global@4.3.2":
  "integrity" "sha1-52mJJopsdMOJCLEwWxD8DjlOnQ8="
  "resolved" "https://registry.npmjs.org/global/-/global-4.3.2.tgz"
  "version" "4.3.2"
  dependencies:
    "min-document" "^2.19.0"
    "process" "~0.5.1"

"global@^4.4.0":
  "integrity" "sha512-wv/LAoHdRE3BeTGz53FAamhGlPLhlssK45usmGFThIi4XqnBmjKQ16u+RNbP7WvigRZDxUsM0J3gcQ5yicaL0w=="
  "resolved" "https://registry.npmjs.org/global/-/global-4.4.0.tgz"
  "version" "4.4.0"
  dependencies:
    "min-document" "^2.19.0"
    "process" "^0.11.10"

"global@~4.4.0":
  "integrity" "sha512-wv/LAoHdRE3BeTGz53FAamhGlPLhlssK45usmGFThIi4XqnBmjKQ16u+RNbP7WvigRZDxUsM0J3gcQ5yicaL0w=="
  "resolved" "https://registry.npmjs.org/global/-/global-4.4.0.tgz"
  "version" "4.4.0"
  dependencies:
    "min-document" "^2.19.0"
    "process" "^0.11.10"

"hashish@>=0.0.2 <0.1":
  "integrity" "sha1-bWC8b/r3Ebav1g5CbQd5iAFOZVQ="
  "resolved" "https://registry.npmjs.org/hashish/-/hashish-0.0.4.tgz"
  "version" "0.0.4"
  dependencies:
    "traverse" ">=0.2.4"

"individual@^2.0.0":
  "integrity" "sha1-gzsJfa0jKU52EXqY+zjg2a1hu5c="
  "resolved" "https://registry.npmjs.org/individual/-/individual-2.0.0.tgz"
  "version" "2.0.0"

"is-function@^1.0.1":
  "integrity" "sha1-Es+5i2W1fdPRk6MSH19uL0N2ArU="
  "resolved" "https://registry.npmjs.org/is-function/-/is-function-1.0.1.tgz"
  "version" "1.0.1"

"jquery-mousewheel@~3.1.13":
  "integrity" "sha1-BvAzXxbjU6aV5yBr9QUDy1I6buU="
  "resolved" "https://registry.npmjs.org/jquery-mousewheel/-/jquery-mousewheel-3.1.13.tgz"
  "version" "3.1.13"

"jquery-ui-dist@^1.12.1":
  "integrity" "sha1-XAgV08xvkP9fqvWyaKbiO0ypBPo="
  "resolved" "https://registry.npmjs.org/jquery-ui-dist/-/jquery-ui-dist-1.12.1.tgz"
  "version" "1.12.1"

"jquery@^1.8.3 || ^2.0 || ^3.0", "jquery@^3.5.1", "jquery@>=1.7", "jquery@>=1.7.1", "jquery@>=1.9.1":
  "integrity" "sha512-JVzAR/AjBvVt2BmYhxRCSYysDsPcssdmTFnzyLEts9qNwmjmu4JTAMYubEfwVOSwpQ1I1sKKFcxhZCI2buerfw=="
  "resolved" "https://registry.npmjs.org/jquery/-/jquery-3.6.0.tgz"
  "version" "3.6.0"

"jstree@^3.3.5":
  "integrity" "sha1-nFeNsy0KZDd1zd2AIK1ZkvQRnBM="
  "resolved" "https://registry.npmjs.org/jstree/-/jstree-3.3.5.tgz"
  "version" "3.3.5"
  dependencies:
    "jquery" ">=1.9.1"

"keycode@^2.2.0":
  "integrity" "sha1-PQr1bce4uOXLqNCpfxByBO7CKwQ="
  "resolved" "https://registry.npmjs.org/keycode/-/keycode-2.2.0.tgz"
  "version" "2.2.0"

"m3u8-parser@4.5.2":
  "integrity" "sha512-sN/lu3TiRxmG2RFjZxo5c0/7Dr4RrEztl43jXrWwj5gFZ7vfa2iIxGfiPx485dm5QCazaIcKk+vNkUso8Aq0Ag=="
  "resolved" "https://registry.npmjs.org/m3u8-parser/-/m3u8-parser-4.5.2.tgz"
  "version" "4.5.2"
  dependencies:
    "@babel/runtime" "^7.12.5"
    "@videojs/vhs-utils" "^3.0.0"
    "global" "^4.4.0"

"magic-string@^0.25.2":
  "integrity" "sha512-4CrMT5DOHTDk4HYDlzmwu4FVCcIYI8gauveasrdCu2IKIFOJ3f0v/8MDGJCDL9oD2ppz/Av1b0Nj345H9M+XIA=="
  "resolved" "https://registry.npmjs.org/magic-string/-/magic-string-0.25.7.tgz"
  "version" "0.25.7"
  dependencies:
    "sourcemap-codec" "^1.4.4"

"mathjax@^2.7.4":
  "integrity" "sha512-B6SLtoETmV08kqTepRyz8eqMRGFzllPy2QASKFdFl0g0YB6SNgQVnWae11RaF3/y8ZKLTJNJ7hLbMIqmBEkLzw=="
  "resolved" "https://registry.npmjs.org/mathjax/-/mathjax-2.7.4.tgz"
  "version" "2.7.4"

"min-document@^2.19.0":
  "integrity" "sha1-e9KC4/WELtKVu3SM3Z8f+iyCRoU="
  "resolved" "https://registry.npmjs.org/min-document/-/min-document-2.19.0.tgz"
  "version" "2.19.0"
  dependencies:
    "dom-walk" "^0.1.0"

"moment-timezone@^0.4.0":
  "integrity" "sha1-gfWYw61eIs2teWtn7NjYjQ9bqgY="
  "resolved" "https://registry.npmjs.org/moment-timezone/-/moment-timezone-0.4.1.tgz"
  "version" "0.4.1"
  dependencies:
    "moment" ">= 2.6.0"

"moment@^2.10", "moment@>= 2.6.0", "moment@>=2.5.0":
  "integrity" "sha512-bV7f+6l2QigeBBZSM/6yTNq4P2fNpSWj/0e7jQcy87A8e7o2nAfP/34/2ky5Vw4B9S446EtIhodAzkFCcR4dQg=="
  "resolved" "https://registry.npmjs.org/moment/-/moment-2.24.0.tgz"
  "version" "2.24.0"

"mpd-parser@0.15.4":
  "integrity" "sha512-YcOclxKc5gnT87UQYwRoPJpWOFvQORwN+bXYmTWCJ4U2pCSS7jjtPrIhoOLHFAyekj48CHTX4hjGBV/VSNsUsg=="
  "resolved" "https://registry.npmjs.org/mpd-parser/-/mpd-parser-0.15.4.tgz"
  "version" "0.15.4"
  dependencies:
    "@babel/runtime" "^7.12.5"
    "@videojs/vhs-utils" "^3.0.0"
    "global" "^4.4.0"
    "xmldom" "^0.4.0"

"mux.js@5.10.0":
  "integrity" "sha512-kLzvYsHYBwNa+ckkmpxWV3eImwntJbrwd1KbN4WR0hLe+dK/KB82aCuC0fQzAI2hkjYszdlSGsAWFgYdiFBUuA=="
  "resolved" "https://registry.npmjs.org/mux.js/-/mux.js-5.10.0.tgz"
  "version" "5.10.0"
  dependencies:
    "@babel/runtime" "^7.11.2"

"pkcs7@^1.0.4":
  "integrity" "sha512-afRERtHn54AlwaF2/+LFszyAANTCggGilmcmILUzEjvs3XgFZT+xE6+QWQcAGmu4xajy+Xtj7acLOPdx5/eXWQ=="
  "resolved" "https://registry.npmjs.org/pkcs7/-/pkcs7-1.0.4.tgz"
  "version" "1.0.4"
  dependencies:
    "@babel/runtime" "^7.5.5"

"process@^0.11.10":
  "integrity" "sha1-czIwDoQBYb2j5podHZGn1LwW8YI="
  "resolved" "https://registry.npmjs.org/process/-/process-0.11.10.tgz"
  "version" "0.11.10"

"process@~0.5.1":
  "integrity" "sha1-FjjYqONML0QKkduVq5rrZ3/Bhc8="
  "resolved" "https://registry.npmjs.org/process/-/process-0.5.2.tgz"
  "version" "0.5.2"

"regenerator-runtime@^0.13.4":
  "integrity" "sha512-a54FxoJDIr27pgf7IgeQGxmqUNYrcV338lf/6gH456HZ/PhX+5BcwHXG9ajESmwe6WRO0tAzRUrRmNONWgkrew=="
  "resolved" "https://registry.npmjs.org/regenerator-runtime/-/regenerator-runtime-0.13.7.tgz"
  "version" "0.13.7"

"remove@^0.1.5":
  "integrity" "sha1-CV/9gn1lyfQa2X0z5BanWBEHmVU="
  "resolved" "https://registry.npmjs.org/remove/-/remove-0.1.5.tgz"
  "version" "0.1.5"
  dependencies:
    "seq" ">= 0.3.5"

"rollup-plugin-replace@^2.2.0":
  "integrity" "sha512-/5bxtUPkDHyBJAKketb4NfaeZjL5yLZdeUihSfbF2PQMz+rSTEb8ARKoOl3UBT4m7/X+QOXJo3sLTcq+yMMYTA=="
  "resolved" "https://registry.npmjs.org/rollup-plugin-replace/-/rollup-plugin-replace-2.2.0.tgz"
  "version" "2.2.0"
  dependencies:
    "magic-string" "^0.25.2"
    "rollup-pluginutils" "^2.6.0"

"rollup-pluginutils@^2.6.0":
  "integrity" "sha512-EEp9NhnUkwY8aif6bxgovPHMoMoNr2FulJziTndpt5H9RdwC47GSGuII9XxpSdzVGM0GWrNPHV6ie1LTNJPaLQ=="
  "resolved" "https://registry.npmjs.org/rollup-pluginutils/-/rollup-pluginutils-2.8.2.tgz"
  "version" "2.8.2"
  dependencies:
    "estree-walker" "^0.6.1"

"rust-result@^1.0.0":
  "integrity" "sha1-NMdbLm3Dn+WHXlveyFteD5FTb3I="
  "resolved" "https://registry.npmjs.org/rust-result/-/rust-result-1.0.0.tgz"
  "version" "1.0.0"
  dependencies:
    "individual" "^2.0.0"

"safe-json-parse@4.0.0":
  "integrity" "sha1-fA9XjPzNEtM6ccDgVBPi7KFx6qw="
  "resolved" "https://registry.npmjs.org/safe-json-parse/-/safe-json-parse-4.0.0.tgz"
  "version" "4.0.0"
  dependencies:
    "rust-result" "^1.0.0"

"select2-bootstrap-theme@^0.1.0-beta.10":
  "integrity" "sha1-uUJuz8A79KI152oTI3dXQxBGmsA="
  "resolved" "https://registry.npmjs.org/select2-bootstrap-theme/-/select2-bootstrap-theme-0.1.0-beta.10.tgz"
  "version" "0.1.0-beta.10"

"select2@^4.0.5":
  "integrity" "sha1-eqxQaSVhmFs007guxV4ib4lg1Ao="
  "resolved" "https://registry.npmjs.org/select2/-/select2-4.0.5.tgz"
  "version" "4.0.5"
  dependencies:
    "almond" "~0.3.1"
    "jquery-mousewheel" "~3.1.13"

"seq@>= 0.3.5":
  "integrity" "sha1-rgKvOkJHk9jMvyEtaRdODFTf/jg="
  "resolved" "https://registry.npmjs.org/seq/-/seq-0.3.5.tgz"
  "version" "0.3.5"
  dependencies:
    "chainsaw" ">=0.0.7 <0.1"
    "hashish" ">=0.0.2 <0.1"

"sourcemap-codec@^1.4.4":
  "integrity" "sha512-9NykojV5Uih4lgo5So5dtw+f0JgJX30KCNI8gwhz2J9A15wD0Ml6tjHKwf6fTSa6fAdVBdZeNOs9eJ71qCk8vA=="
  "resolved" "https://registry.npmjs.org/sourcemap-codec/-/sourcemap-codec-1.4.8.tgz"
  "version" "1.4.8"

"traverse@>=0.2.4", "traverse@>=0.3.0 <0.4":
  "integrity" "sha1-cXuPIgzAu3tE5AUUwisui7xw2Lk="
  "resolved" "https://registry.npmjs.org/traverse/-/traverse-0.3.9.tgz"
  "version" "0.3.9"

"url-toolkit@^2.2.1":
  "integrity" "sha512-l25w6Sy+Iy3/IbogunxhWwljPaDnqpiKvrQRoLBm6DfISco7NyRIS7Zf6+Oxhy1T8kHxWdwLND7ZZba6NjXMug=="
  "resolved" "https://registry.npmjs.org/url-toolkit/-/url-toolkit-2.2.2.tgz"
  "version" "2.2.2"

"video.js@^6 || ^7", "video.js@^7.11.8":
  "integrity" "sha512-iQmNYB+pdgu8b45Za1AKSa5J7uDyHIqfJy+picw4voKfjErXK/BEvs+A3f99Ck7SCZU4cmMmX/s17AwaaNs+1w=="
  "resolved" "https://registry.npmjs.org/video.js/-/video.js-7.11.8.tgz"
  "version" "7.11.8"
  dependencies:
    "@babel/runtime" "^7.9.2"
    "@videojs/http-streaming" "2.6.4"
    "@videojs/xhr" "2.5.1"
    "global" "4.3.2"
    "keycode" "^2.2.0"
    "remove" "^0.1.5"
    "rollup-plugin-replace" "^2.2.0"
    "safe-json-parse" "4.0.0"
    "videojs-font" "3.2.0"
    "videojs-vtt.js" "^0.15.2"

"videojs-font@3.2.0":
  "integrity" "sha512-g8vHMKK2/JGorSfqAZQUmYYNnXmfec4MLhwtEFS+mMs2IDY398GLysy6BH6K+aS1KMNu/xWZ8Sue/X/mdQPliA=="
  "resolved" "https://registry.npmjs.org/videojs-font/-/videojs-font-3.2.0.tgz"
  "version" "3.2.0"

"videojs-vtt.js@^0.15.2":
  "integrity" "sha512-5FvVsICuMRx6Hd7H/Y9s9GDeEtYcXQWzGMS+sl4UX3t/zoHp3y+isSfIPRochnTH7h+Bh1ILyC639xy9Z6kPag=="
  "resolved" "https://registry.npmjs.org/videojs-vtt.js/-/videojs-vtt.js-0.15.3.tgz"
  "version" "0.15.3"
  dependencies:
    "global" "^4.3.1"

"xmldom@^0.4.0":
  "integrity" "sha512-2E93k08T30Ugs+34HBSTQLVtpi6mCddaY8uO+pMNk1pqSjV5vElzn4mmh6KLxN3hki8rNcHSYzILoh3TEWORvA=="
  "resolved" "https://registry.npmjs.org/xmldom/-/xmldom-0.4.0.tgz"
  "version" "0.4.0"
